// !$*UTF8*$!
{
	archiveVersion = 1;
	classes = {
	};
	objectVersion = 77;
	objects = {

/* Begin PBXBuildFile section */
		60BF271E2F93A82500764DF9 /* ScribbleFit in Frameworks */ = {isa = PBXBuildFile; productRef = 60BF271D2F93A82500764DF9 /* ScribbleFit */; };
/* End PBXBuildFile section */

/* Begin PBXContainerItemProxy section */
		60344AA62F5B13AD00336125 /* PBXContainerItemProxy */ = {
			isa = PBXContainerItemProxy;
			containerPortal = 60344A8E2F5B13AC00336125 /* Project object */;
			proxyType = 1;
			remoteGlobalIDString = 60344A952F5B13AC00336125;
			remoteInfo = ScribbleFit;
		};
		60344AB02F5B13AD00336125 /* PBXContainerItemProxy */ = {
			isa = PBXContainerItemProxy;
			containerPortal = 60344A8E2F5B13AC00336125 /* Project object */;
			proxyType = 1;
			remoteGlobalIDString = 60344A952F5B13AC00336125;
			remoteInfo = ScribbleFit;
		};
/* End PBXContainerItemProxy section */

/* Begin PBXFileReference section */
		60344A962F5B13AC00336125 /* ScribbleFit.app */ = {isa = PBXFileReference; explicitFileType = wrapper.application; includeInIndex = 0; path = ScribbleFit.app; sourceTree = BUILT_PRODUCTS_DIR; };
		60344AA52F5B13AD00336125 /* ScribbleFitTests.xctest */ = {isa = PBXFileReference; explicitFileType = wrapper.cfbundle; includeInIndex = 0; path = ScribbleFitTests.xctest; sourceTree = BUILT_PRODUCTS_DIR; };
		60344AAF2F5B13AD00336125 /* ScribbleFitUITests.xctest */ = {isa = PBXFileReference; explicitFileType = wrapper.cfbundle; includeInIndex = 0; path = ScribbleFitUITests.xctest; sourceTree = BUILT_PRODUCTS_DIR; };
/* End PBXFileReference section */

/* Begin PBXFileSystemSynchronizedRootGroup section */
		60344A982F5B13AC00336125 /* Sources */ = {
			isa = PBXFileSystemSynchronizedRootGroup;
			path = Sources;
			sourceTree = "<group>";
		};
		60344AA82F5B13AD00336125 /* ScribbleFitTests */ = {
			isa = PBXFileSystemSynchronizedRootGroup;
			path = ScribbleFitTests;
			sourceTree = "<group>";
		};
		60344AB22F5B13AD00336125 /* ScribbleFitUITests */ = {
			isa = PBXFileSystemSynchronizedRootGroup;
			path = ScribbleFitUITests;
			sourceTree = "<group>";
		};
/* End PBXFileSystemSynchronizedRootGroup section */

/* Begin PBXFrameworksBuildPhase section */
		60344A932F5B13AC00336125 /* Frameworks */ = {
			isa = PBXFrameworksBuildPhase;
			buildActionMask = 2147483647;
			files = (
				60BF271E2F93A82500764DF9 /* ScribbleFit in Frameworks */,
			);
			runOnlyForDeploymentPostprocessing = 0;
		};
		60344AA22F5B13AD00336125 /* Frameworks */ = {
			isa = PBXFrameworksBuildPhase;
			buildActionMask = 2147483647;
			files = (
			);
			runOnlyForDeploymentPostprocessing = 0;
		};
		60344AAC2F5B13AD00336125 /* Frameworks */ = {
			isa = PBXFrameworksBuildPhase;
			buildActionMask = 2147483647;
			files = (
			);
			runOnlyForDeploymentPostprocessing = 0;
		};
/* End PBXFrameworksBuildPhase section */

/* Begin PBXGroup section */
		60344A8D2F5B13AC00336125 = {
			isa = PBXGroup;
			children = (
				60344A982F5B13AC00336125 /* Sources */,
				60344AA82F5B13AD00336125 /* ScribbleFitTests */,
				60344AB22F5B13AD00336125 /* ScribbleFitUITests */,
				60344A972F5B13AC00336125 /* Products */,
			);
			sourceTree = "<group>";
		};
		60344A972F5B13AC00336125 /* Products */ = {
			isa = PBXGroup;
			children = (
				60344A962F5B13AC00336125 /* ScribbleFit.app */,
				60344AA52F5B13AD00336125 /* ScribbleFitTests.xctest */,
				60344AAF2F5B13AD00336125 /* ScribbleFitUITests.xctest */,
			);
			name = Products;
			sourceTree = "<group>";
		};
/* End PBXGroup section */

/* Begin PBXNativeTarget section */
		60344A952F5B13AC00336125 /* ScribbleFit */ = {
			isa = PBXNativeTarget;
			buildConfigurationList = 60344AB92F5B13AD00336125 /* Build configuration list for PBXNativeTarget "ScribbleFit" */;
			buildPhases = (
				60344A922F5B13AC00336125 /* Sources */,
				60344A932F5B13AC00336125 /* Frameworks */,
				60344A942F5B13AC00336125 /* Resources */,
			);
			buildRules = (
			);
			dependencies = (
			);
			fileSystemSynchronizedGroups = (
				60344A982F5B13AC00336125 /* Sources */,
			);
			name = ScribbleFit;
			packageProductDependencies = (
				60BF271D2F93A82500764DF9 /* ScribbleFit */,
			);
			productName = ScribbleFit;
			productReference = 60344A962F5B13AC00336125 /* ScribbleFit.app */;
			productType = "com.apple.product-type.application";
		};
		60344AA42F5B13AD00336125 /* ScribbleFitTests */ = {
			isa = PBXNativeTarget;
			buildConfigurationList = 60344ABC2F5B13AD00336125 /* Build configuration list for PBXNativeTarget "ScribbleFitTests" */;
			buildPhases = (
				60344AA12F5B13AD00336125 /* Sources */,
				60344AA22F5B13AD00336125 /* Frameworks */,
				60344AA32F5B13AD00336125 /* Resources */,
			);
			buildRules = (
			);
			dependencies = (
				60344AA72F5B13AD00336125 /* PBXTargetDependency */,
			);
			fileSystemSynchronizedGroups = (
				60344AA82F5B13AD00336125 /* ScribbleFitTests */,
			);
			name = ScribbleFitTests;
			packageProductDependencies = (
			);
			productName = ScribbleFitTests;
			productReference = 60344AA52F5B13AD00336125 /* ScribbleFitTests.xctest */;
			productType = "com.apple.product-type.bundle.unit-test";
		};
		60344AAE2F5B13AD00336125 /* ScribbleFitUITests */ = {
			isa = PBXNativeTarget;
			buildConfigurationList = 60344ABF2F5B13AD00336125 /* Build configuration list for PBXNativeTarget "ScribbleFitUITests" */;
			buildPhases = (
				60344AAB2F5B13AD00336125 /* Sources */,
				60344AAC2F5B13AD00336125 /* Frameworks */,
				60344AAD2F5B13AD00336125 /* Resources */,
			);
			buildRules = (
			);
			dependencies = (
				60344AB12F5B13AD00336125 /* PBXTargetDependency */,
			);
			fileSystemSynchronizedGroups = (
				60344AB22F5B13AD00336125 /* ScribbleFitUITests */,
			);
			name = ScribbleFitUITests;
			packageProductDependencies = (
			);
			productName = ScribbleFitUITests;
			productReference = 60344AAF2F5B13AD00336125 /* ScribbleFitUITests.xctest */;
			productType = "com.apple.product-type.bundle.ui-testing";
		};
/* End PBXNativeTarget section */

/* Begin PBXProject section */
		60344A8E2F5B13AC00336125 /* Project object */ = {
			isa = PBXProject;
			attributes = {
				BuildIndependentTargetsInParallel = 1;
				LastSwiftUpdateCheck = 1700;
				LastUpgradeCheck = 1700;
				TargetAttributes = {
					60344A952F5B13AC00336125 = {
						CreatedOnToolsVersion = 17.0;
					};
					60344AA42F5B13AD00336125 = {
						CreatedOnToolsVersion = 17.0;
						TestTargetID = 60344A952F5B13AC00336125;
					};
					60344AAE2F5B13AD00336125 = {
						CreatedOnToolsVersion = 17.0;
						TestTargetID = 60344A952F5B13AC00336125;
					};
				};
			};
			buildConfigurationList = 60344A912F5B13AC00336125 /* Build configuration list for PBXProject "ScribbleFit" */;
			developmentRegion = en;
			hasScannedForEncodings = 0;
			knownRegions = (
				en,
				Base,
			);
			mainGroup = 60344A8D2F5B13AC00336125;
			minimizedProjectReferenceProxies = 1;
			packageReferences = (
				60BF271C2F93A82500764DF9 /* XCLocalSwiftPackageReference "../ScribbleFit" */,
			);
			preferredProjectObjectVersion = 77;
			productRefGroup = 60344A972F5B13AC00336125 /* Products */;
			projectDirPath = "";
			projectRoot = "";
			targets = (
				60344A952F5B13AC00336125 /* ScribbleFit */,
				60344AA42F5B13AD00336125 /* ScribbleFitTests */,
				60344AAE2F5B13AD00336125 /* ScribbleFitUITests */,
			);
		};
/* End PBXProject section */

/* Begin PBXResourcesBuildPhase section */
		60344A942F5B13AC00336125 /* Resources */ = {
			isa = PBXResourcesBuildPhase;
			buildActionMask = 2147483647;
			files = (
			);
			runOnlyForDeploymentPostprocessing = 0;
		};
		60344AA32F5B13AD00336125 /* Resources */ = {
			isa = PBXResourcesBuildPhase;
			buildActionMask = 2147483647;
			files = (
			);
			runOnlyForDeploymentPostprocessing = 0;
		};
		60344AAD2F5B13AD00336125 /* Resources */ = {
			isa = PBXResourcesBuildPhase;
			buildActionMask = 2147483647;
			files = (
			);
			runOnlyForDeploymentPostprocessing = 0;
		};
/* End PBXResourcesBuildPhase section */

/* Begin PBXSourcesBuildPhase section */
		60344A922F5B13AC00336125 /* Sources */ = {
			isa = PBXSourcesBuildPhase;
			buildActionMask = 2147483647;
			files = (
			);
			runOnlyForDeploymentPostprocessing = 0;
		};
		60344AA12F5B13AD00336125 /* Sources */ = {
			isa = PBXSourcesBuildPhase;
			buildActionMask = 2147483647;
			files = (
			);
			runOnlyForDeploymentPostprocessing = 0;
		};
		60344AAB2F5B13AD00336125 /* Sources */ = {
			isa = PBXSourcesBuildPhase;
			buildActionMask = 2147483647;
			files = (
			);
			runOnlyForDeploymentPostprocessing = 0;
		};
/* End PBXSourcesBuildPhase section */

/* Begin PBXTargetDependency section */
		60344AA72F5B13AD00336125 /* PBXTargetDependency */ = {
			isa = PBXTargetDependency;
			target = 60344A952F5B13AC00336125 /* ScribbleFit */;
			targetProxy = 60344AA62F5B13AD00336125 /* PBXContainerItemProxy */;
		};
		60344AB12F5B13AD00336125 /* PBXTargetDependency */ = {
			isa = PBXTargetDependency;
			target = 60344A952F5B13AC00336125 /* ScribbleFit */;
			targetProxy = 60344AB02F5B13AD00336125 /* PBXContainerItemProxy */;
		};
/* End PBXTargetDependency section */

/* Begin XCBuildConfiguration section */
		60344AB72F5B13AD00336125 /* Debug */ = {
			isa = XCBuildConfiguration;
			buildSettings = {
				ALWAYS_SEARCH_USER_PATHS = NO;
				ASSETCATALOG_COMPILER_GENERATE_SWIFT_ASSET_SYMBOL_EXTENSIONS = YES;
				CLANG_ANALYZER_NONNULL = YES;
				CLANG_ANALYZER_NUMBER_OBJECT_CONVERSION = YES_AGGRESSIVE;
				CLANG_CXX_LANGUAGE_STANDARD = "gnu++20";
				CLANG_ENABLE_MODULES = YES;
				CLANG_ENABLE_OBJC_ARC = YES;
				CLANG_ENABLE_OBJC_WEAK = YES;
				CLANG_WARN_BLOCK_CAPTURE_AUTORELEASING = YES;
				CLANG_WARN_BOOL_CONVERSION = YES;
				CLANG_WARN_COMMA = YES;
				CLANG_WARN_CONSTANT_CONVERSION = YES;
				CLANG_WARN_DEPRECATED_OBJC_IMPLEMENTATIONS = YES;
				CLANG_WARN_DIRECT_OBJC_ISA_USAGE = YES_ERROR;
				CLANG_WARN_DOCUMENTATION_COMMENTS = YES;
				CLANG_WARN_EMPTY_BODY = YES;
				CLANG_WARN_ENUM_CONVERSION = YES;
				CLANG_WARN_INFINITE_RECURSION = YES;
				CLANG_WARN_INT_CONVERSION = YES;
				CLANG_WARN_NON_LITERAL_NULL_CONVERSION = YES;
				CLANG_WARN_OBJC_IMPLICIT_RETAIN_SELF = YES;
				CLANG_WARN_OBJC_LITERAL_CONVERSION = YES;
				CLANG_WARN_OBJC_ROOT_CLASS = YES_ERROR;
				CLANG_WARN_QUOTED_INCLUDE_IN_FRAMEWORK_HEADER = YES;
				CLANG_WARN_RANGE_LOOP_ANALYSIS = YES;
				CLANG_WARN_STRICT_PROTOTYPES = YES;
				CLANG_WARN_SUSPICIOUS_MOVE = YES;
				CLANG_WARN_UNGUARDED_AVAILABILITY = YES_AGGRESSIVE;
				CLANG_WARN_UNREACHABLE_CODE = YES;
				CLANG_WARN__DUPLICATE_METHOD_MATCH = YES;
				COPY_PHASE_STRIP = NO;
				DEBUG_INFORMATION_FORMAT = dwarf;
				DEVELOPMENT_TEAM = H4A73TFY37;
				ENABLE_STRICT_OBJC_MSGSEND = YES;
				ENABLE_TESTABILITY = YES;
				ENABLE_USER_SCRIPT_SANDBOXING = YES;
				GCC_C_LANGUAGE_STANDARD = gnu17;
				GCC_DYNAMIC_NO_PIC = NO;
				GCC_NO_COMMON_BLOCKS = YES;
				GCC_OPTIMIZATION_LEVEL = 0;
				GCC_PREPROCESSOR_DEFINITIONS = (
					"DEBUG=1",
					"$(inherited)",
				);
				GCC_WARN_64_TO_32_BIT_CONVERSION = YES;
				GCC_WARN_ABOUT_RETURN_TYPE = YES_ERROR;
				GCC_WARN_UNDECLARED_SELECTOR = YES;
				GCC_WARN_UNINITIALIZED_AUTOS = YES_AGGRESSIVE;
				GCC_WARN_UNUSED_FUNCTION = YES;
				GCC_WARN_UNUSED_VARIABLE = YES;
				IPHONEOS_DEPLOYMENT_TARGET = 17.0;
				LOCALIZATION_PREFERS_STRING_CATALOGS = YES;
				MTL_ENABLE_DEBUG_INFO = INCLUDE_SOURCE;
				MTL_FAST_MATH = YES;
				ONLY_ACTIVE_ARCH = YES;
				SDKROOT = iphoneos;
				SWIFT_ACTIVE_COMPILATION_CONDITIONS = "DEBUG $(inherited)";
				SWIFT_OPTIMIZATION_LEVEL = "-Onone";
			};
			name = Debug;
		};
		60344AB82F5B13AD00336125 /* Release */ = {
			isa = XCBuildConfiguration;
			buildSettings = {
				ALWAYS_SEARCH_USER_PATHS = NO;
				ASSETCATALOG_COMPILER_GENERATE_SWIFT_ASSET_SYMBOL_EXTENSIONS = YES;
				CLANG_ANALYZER_NONNULL = YES;
				CLANG_ANALYZER_NUMBER_OBJECT_CONVERSION = YES_AGGRESSIVE;
				CLANG_CXX_LANGUAGE_STANDARD = "gnu++20";
				CLANG_ENABLE_MODULES = YES;
				CLANG_ENABLE_OBJC_ARC = YES;
				CLANG_ENABLE_OBJC_WEAK = YES;
				CLANG_WARN_BLOCK_CAPTURE_AUTORELEASING = YES;
				CLANG_WARN_BOOL_CONVERSION = YES;
				CLANG_WARN_COMMA = YES;
				CLANG_WARN_CONSTANT_CONVERSION = YES;
				CLANG_WARN_DEPRECATED_OBJC_IMPLEMENTATIONS = YES;
				CLANG_WARN_DIRECT_OBJC_ISA_USAGE = YES_ERROR;
				CLANG_WARN_DOCUMENTATION_COMMENTS = YES;
				CLANG_WARN_EMPTY_BODY = YES;
				CLANG_WARN_ENUM_CONVERSION = YES;
				CLANG_WARN_INFINITE_RECURSION = YES;
				CLANG_WARN_INT_CONVERSION = YES;
				CLANG_WARN_NON_LITERAL_NULL_CONVERSION = YES;
				CLANG_WARN_OBJC_IMPLICIT_RETAIN_SELF = YES;
				CLANG_WARN_OBJC_LITERAL_CONVERSION = YES;
				CLANG_WARN_OBJC_ROOT_CLASS = YES_ERROR;
				CLANG_WARN_QUOTED_INCLUDE_IN_FRAMEWORK_HEADER = YES;
				CLANG_WARN_RANGE_LOOP_ANALYSIS = YES;
				CLANG_WARN_STRICT_PROTOTYPES = YES;
				CLANG_WARN_SUSPICIOUS_MOVE = YES;
				CLANG_WARN_UNGUARDED_AVAILABILITY = YES_AGGRESSIVE;
				CLANG_WARN_UNREACHABLE_CODE = YES;
				CLANG_WARN__DUPLICATE_METHOD_MATCH = YES;
				COPY_PHASE_STRIP = NO;
				DEBUG_INFORMATION_FORMAT = "dwarf-with-dsym";
				DEVELOPMENT_TEAM = H4A73TFY37;
				ENABLE_NS_ASSERTIONS = NO;
				ENABLE_STRICT_OBJC_MSGSEND = YES;
				ENABLE_USER_SCRIPT_SANDBOXING = YES;
				GCC_C_LANGUAGE_STANDARD = gnu17;
				GCC_NO_COMMON_BLOCKS = YES;
				GCC_WARN_64_TO_32_BIT_CONVERSION = YES;
				GCC_WARN_ABOUT_RETURN_TYPE = YES_ERROR;
				GCC_WARN_UNDECLARED_SELECTOR = YES;
				GCC_WARN_UNINITIALIZED_AUTOS = YES_AGGRESSIVE;
				GCC_WARN_UNUSED_FUNCTION = YES;
				GCC_WARN_UNUSED_VARIABLE = YES;
				IPHONEOS_DEPLOYMENT_TARGET = 17.0;
				LOCALIZATION_PREFERS_STRING_CATALOGS = YES;
				MTL_ENABLE_DEBUG_INFO = NO;
				MTL_FAST_MATH = YES;
				SDKROOT = iphoneos;
				SWIFT_COMPILATION_MODE = wholemodule;
				VALIDATE_PRODUCT = YES;
			};
			name = Release;
		};
		60344ABA2F5B13AD00336125 /* Debug */ = {
			isa = XCBuildConfiguration;
			buildSettings = {
				ASSETCATALOG_COMPILER_APPICON_NAME = AppIcon;
				ASSETCATALOG_COMPILER_GLOBAL_ACCENT_COLOR_NAME = AccentColor;
				CODE_SIGN_STYLE = Automatic;
				CURRENT_PROJECT_VERSION = 1;
				DEVELOPMENT_TEAM = H4A73TFY37;
				ENABLE_PREVIEWS = YES;
				GENERATE_INFOPLIST_FILE = YES;
				INFOPLIST_KEY_CFBundleDisplayName = ScribbleFit;
				INFOPLIST_KEY_LSApplicationCategoryType = "public.app-category.healthcare-fitness";
				INFOPLIST_KEY_UIApplicationSceneManifest_Generation = YES;
				INFOPLIST_KEY_UIApplicationSupportsIndirectInputEvents = YES;
				INFOPLIST_KEY_UILaunchScreen_Generation = YES;
				INFOPLIST_KEY_UISupportedInterfaceOrientations_iPad = "UIInterfaceOrientationPortrait UIInterfaceOrientationPortraitUpsideDown UIInterfaceOrientationLandscapeLeft UIInterfaceOrientationLandscapeRight";
				INFOPLIST_KEY_UISupportedInterfaceOrientations_iPhone = "UIInterfaceOrientationPortrait UIInterfaceOrientationLandscapeLeft UIInterfaceOrientationLandscapeRight";
				IPHONEOS_DEPLOYMENT_TARGET = 17.0;
				LD_RUNPATH_SEARCH_PATHS = (
					"$(inherited)",
					"@executable_path/Frameworks",
				);
				MARKETING_VERSION = 1.0;
				PRODUCT_BUNDLE_IDENTIFIER = com.scribblefit.ScribbleFit;
				PRODUCT_NAME = "$(TARGET_NAME)";
				STRING_CATALOG_GENERATE_SYMBOLS = YES;
				SWIFT_APPROACHABLE_CONCURRENCY = YES;
				SWIFT_DEFAULT_ACTOR_ISOLATION = MainActor;
				SWIFT_EMIT_LOC_STRINGS = YES;
				SWIFT_UPCOMING_FEATURE_MEMBER_IMPORT_VISIBILITY = YES;
				SWIFT_VERSION = 6.0;
				TARGETED_DEVICE_FAMILY = "1,2";
			};
			name = Debug;
		};
		60344ABB2F5B13AD00336125 /* Release */ = {
			isa = XCBuildConfiguration;
			buildSettings = {
				ASSETCATALOG_COMPILER_APPICON_NAME = AppIcon;
				ASSETCATALOG_COMPILER_GLOBAL_ACCENT_COLOR_NAME = AccentColor;
				CODE_SIGN_STYLE = Automatic;
				CURRENT_PROJECT_VERSION = 1;
				DEVELOPMENT_TEAM = H4A73TFY37;
				ENABLE_PREVIEWS = YES;
				GENERATE_INFOPLIST_FILE = YES;
				INFOPLIST_KEY_CFBundleDisplayName = ScribbleFit;
				INFOPLIST_KEY_LSApplicationCategoryType = "public.app-category.healthcare-fitness";
				INFOPLIST_KEY_UIApplicationSceneManifest_Generation = YES;
				INFOPLIST_KEY_UIApplicationSupportsIndirectInputEvents = YES;
				INFOPLIST_KEY_UILaunchScreen_Generation = YES;
				INFOPLIST_KEY_UISupportedInterfaceOrientations_iPad = "UIInterfaceOrientationPortrait UIInterfaceOrientationPortraitUpsideDown UIInterfaceOrientationLandscapeLeft UIInterfaceOrientationLandscapeRight";
				INFOPLIST_KEY_UISupportedInterfaceOrientations_iPhone = "UIInterfaceOrientationPortrait UIInterfaceOrientationLandscapeLeft UIInterfaceOrientationLandscapeRight";
				IPHONEOS_DEPLOYMENT_TARGET = 17.0;
				LD_RUNPATH_SEARCH_PATHS = (
					"$(inherited)",
					"@executable_path/Frameworks",
				);
				MARKETING_VERSION = 1.0;
				PRODUCT_BUNDLE_IDENTIFIER = com.scribblefit.ScribbleFit;
				PRODUCT_NAME = "$(TARGET_NAME)";
				STRING_CATALOG_GENERATE_SYMBOLS = YES;
				SWIFT_APPROACHABLE_CONCURRENCY = YES;
				SWIFT_DEFAULT_ACTOR_ISOLATION = MainActor;
				SWIFT_EMIT_LOC_STRINGS = YES;
				SWIFT_UPCOMING_FEATURE_MEMBER_IMPORT_VISIBILITY = YES;
				SWIFT_VERSION = 6.0;
				TARGETED_DEVICE_FAMILY = "1,2";
			};
			name = Release;
		};
		60344ABD2F5B13AD00336125 /* Debug */ = {
			isa = XCBuildConfiguration;
			buildSettings = {
				BUNDLE_LOADER = "$(TEST_HOST)";
				CODE_SIGN_STYLE = Automatic;
				CURRENT_PROJECT_VERSION = 1;
				DEVELOPMENT_TEAM = H4A73TFY37;
				GENERATE_INFOPLIST_FILE = YES;
				IPHONEOS_DEPLOYMENT_TARGET = 17.0;
				MARKETING_VERSION = 1.0;
				PRODUCT_BUNDLE_IDENTIFIER = com.scribblefit.ScribbleFitTests;
				PRODUCT_NAME = "$(TARGET_NAME)";
				STRING_CATALOG_GENERATE_SYMBOLS = NO;
				SWIFT_APPROACHABLE_CONCURRENCY = YES;
				SWIFT_EMIT_LOC_STRINGS = NO;
				SWIFT_UPCOMING_FEATURE_MEMBER_IMPORT_VISIBILITY = YES;
				SWIFT_VERSION = 6.0;
				TARGETED_DEVICE_FAMILY = "1,2";
				TEST_HOST = "$(BUILT_PRODUCTS_DIR)/ScribbleFit.app/$(BUNDLE_EXECUTABLE_FOLDER_PATH)/ScribbleFit";
			};
			name = Debug;
		};
		60344ABE2F5B13AD00336125 /* Release */ = {
			isa = XCBuildConfiguration;
			buildSettings = {
				BUNDLE_LOADER = "$(TEST_HOST)";
				CODE_SIGN_STYLE = Automatic;
				CURRENT_PROJECT_VERSION = 1;
				DEVELOPMENT_TEAM = H4A73TFY37;
				GENERATE_INFOPLIST_FILE = YES;
				IPHONEOS_DEPLOYMENT_TARGET = 17.0;
				MARKETING_VERSION = 1.0;
				PRODUCT_BUNDLE_IDENTIFIER = com.scribblefit.ScribbleFitTests;
				PRODUCT_NAME = "$(TARGET_NAME)";
				STRING_CATALOG_GENERATE_SYMBOLS = NO;
				SWIFT_APPROACHABLE_CONCURRENCY = YES;
				SWIFT_EMIT_LOC_STRINGS = NO;
				SWIFT_UPCOMING_FEATURE_MEMBER_IMPORT_VISIBILITY = YES;
				SWIFT_VERSION = 6.0;
				TARGETED_DEVICE_FAMILY = "1,2";
				TEST_HOST = "$(BUILT_PRODUCTS_DIR)/ScribbleFit.app/$(BUNDLE_EXECUTABLE_FOLDER_PATH)/ScribbleFit";
			};
			name = Release;
		};
		60344AC02F5B13AD00336125 /* Debug */ = {
			isa = XCBuildConfiguration;
			buildSettings = {
				CODE_SIGN_STYLE = Automatic;
				CURRENT_PROJECT_VERSION = 1;
				DEVELOPMENT_TEAM = H4A73TFY37;
				GENERATE_INFOPLIST_FILE = YES;
				MARKETING_VERSION = 1.0;
				PRODUCT_BUNDLE_IDENTIFIER = com.scribblefit.ScribbleFitUITests;
				PRODUCT_NAME = "$(TARGET_NAME)";
				STRING_CATALOG_GENERATE_SYMBOLS = NO;
				SWIFT_APPROACHABLE_CONCURRENCY = YES;
				SWIFT_EMIT_LOC_STRINGS = NO;
				SWIFT_UPCOMING_FEATURE_MEMBER_IMPORT_VISIBILITY = YES;
				SWIFT_VERSION = 5.0;
				TARGETED_DEVICE_FAMILY = "1,2";
				TEST_TARGET_NAME = ScribbleFit;
			};
			name = Debug;
		};
		60344AC12F5B13AD00336125 /* Release */ = {
			isa = XCBuildConfiguration;
			buildSettings = {
				CODE_SIGN_STYLE = Automatic;
				CURRENT_PROJECT_VERSION = 1;
				DEVELOPMENT_TEAM = H4A73TFY37;
				GENERATE_INFOPLIST_FILE = YES;
				MARKETING_VERSION = 1.0;
				PRODUCT_BUNDLE_IDENTIFIER = com.scribblefit.ScribbleFitUITests;
				PRODUCT_NAME = "$(TARGET_NAME)";
				STRING_CATALOG_GENERATE_SYMBOLS = NO;
				SWIFT_APPROACHABLE_CONCURRENCY = YES;
				SWIFT_EMIT_LOC_STRINGS = NO;
				SWIFT_UPCOMING_FEATURE_MEMBER_IMPORT_VISIBILITY = YES;
				SWIFT_VERSION = 5.0;
				TARGETED_DEVICE_FAMILY = "1,2";
				TEST_TARGET_NAME = ScribbleFit;
			};
			name = Release;
		};
/* End XCBuildConfiguration section */

/* Begin XCConfigurationList section */
		60344A912F5B13AC00336125 /* Build configuration list for PBXProject "ScribbleFit" */ = {
			isa = XCConfigurationList;
			buildConfigurations = (
				60344AB72F5B13AD00336125 /* Debug */,
				60344AB82F5B13AD00336125 /* Release */,
			);
			defaultConfigurationIsVisible = 0;
			defaultConfigurationName = Release;
		};
		60344AB92F5B13AD00336125 /* Build configuration list for PBXNativeTarget "ScribbleFit" */ = {
			isa = XCConfigurationList;
			buildConfigurations = (
				60344ABA2F5B13AD00336125 /* Debug */,
				60344ABB2F5B13AD00336125 /* Release */,
			);
			defaultConfigurationIsVisible = 0;
			defaultConfigurationName = Release;
		};
		60344ABC2F5B13AD00336125 /* Build configuration list for PBXNativeTarget "ScribbleFitTests" */ = {
			isa = XCConfigurationList;
			buildConfigurations = (
				60344ABD2F5B13AD00336125 /* Debug */,
				60344ABE2F5B13AD00336125 /* Release */,
			);
			defaultConfigurationIsVisible = 0;
			defaultConfigurationName = Release;
		};
		60344ABF2F5B13AD00336125 /* Build configuration list for PBXNativeTarget "ScribbleFitUITests" */ = {
			isa = XCConfigurationList;
			buildConfigurations = (
				60344AC02F5B13AD00336125 /* Debug */,
				60344AC12F5B13AD00336125 /* Release */,
			);
			defaultConfigurationIsVisible = 0;
			defaultConfigurationName = Release;
		};
/* End XCConfigurationList section */

/* Begin XCLocalSwiftPackageReference section */
		60BF271C2F93A82500764DF9 /* XCLocalSwiftPackageReference "../ScribbleFit" */ = {
			isa = XCLocalSwiftPackageReference;
			relativePath = ../ScribbleFit;
		};
/* End XCLocalSwiftPackageReference section */

/* Begin XCSwiftPackageProductDependency section */
		60BF271D2F93A82500764DF9 /* ScribbleFit */ = {
			isa = XCSwiftPackageProductDependency;
			productName = ScribbleFit;
		};
/* End XCSwiftPackageProductDependency section */
	};
	rootObject = 60344A8E2F5B13AC00336125 /* Project object */;
}
